
Microsoft Visual Studio Solution File, Format Version 12.00
# Visual Studio Version 17
VisualStudioVersion = 17.9.34607.119
MinimumVisualStudioVersion = 10.0.40219.1
Project("{FAE04EC0-301F-11D3-BF4B-00C04F79EFBC}") = "Products_Management_ConsoleApp", "Products_Management_ConsoleApp.csproj", "{EFBEFB64-C7FF-49EC-8636-52779C8EE9D8}"
EndProject
Global
	GlobalSection(SolutionConfigurationPlatforms) = preSolution
		Debug|Any CPU = Debug|Any CPU
		Release|Any CPU = Release|Any CPU
	EndGlobalSection
	GlobalSection(ProjectConfigurationPlatforms) = postSolution
		{EFBEFB64-C7FF-49EC-8636-52779C8EE9D8}.Debug|Any CPU.ActiveCfg = Debug|Any CPU
		{EFBEFB64-C7FF-49EC-8636-52779C8EE9D8}.Debug|Any CPU.Build.0 = Debug|Any CPU
		{EFBEFB64-C7FF-49EC-8636-52779C8EE9D8}.Release|Any CPU.ActiveCfg = Release|Any CPU
		{EFBEFB64-C7FF-49EC-8636-52779C8EE9D8}.Release|Any CPU.Build.0 = Release|Any CPU
	EndGlobalSection
	GlobalSection(SolutionProperties) = preSolution
		HideSolutionNode = FALSE
	EndGlobalSection
	GlobalSection(ExtensibilityGlobals) = postSolution
		SolutionGuid = {37F670A3-0AD6-463E-939C-3B83AC37C2F2}
	EndGlobalSection
EndGlobal
